// !$*UTF8*$!
{
	archiveVersion = 1;
	classes = {
	};
	objectVersion = 77;
	objects = {

/* Begin PBXBuildFile section */
		8621D3342C74BD78001E50A9 /* RealityKitContent in Frameworks */ = {isa = PBXBuildFile; productRef = 8621D3332C74BD78001E50A9 /* RealityKitContent */; };
/* End PBXBuildFile section */

/* Begin PBXContainerItemProxy section */
		8621D3442C74BD79001E50A9 /* PBXContainerItemProxy */ = {
			isa = PBXContainerItemProxy;
			containerPortal = 8621D3262C74BD78001E50A9 /* Project object */;
			proxyType = 1;
			remoteGlobalIDString = 8621D32D2C74BD78001E50A9;
			remoteInfo = AdaptiveInfoAssistant;
		};
/* End PBXContainerItemProxy section */

/* Begin PBXFileReference section */
		8621D32E2C74BD78001E50A9 /* AdaptiveInfoAssistant.app */ = {isa = PBXFileReference; explicitFileType = wrapper.application; includeInIndex = 0; path = AdaptiveInfoAssistant.app; sourceTree = BUILT_PRODUCTS_DIR; };
		8621D3322C74BD78001E50A9 /* RealityKitContent */ = {isa = PBXFileReference; lastKnownFileType = wrapper; path = RealityKitContent; sourceTree = "<group>"; };
		8621D3432C74BD79001E50A9 /* AdaptiveInfoAssistantTests.xctest */ = {isa = PBXFileReference; explicitFileType = wrapper.cfbundle; includeInIndex = 0; path = AdaptiveInfoAssistantTests.xctest; sourceTree = BUILT_PRODUCTS_DIR; };
/* End PBXFileReference section */

/* Begin PBXFileSystemSynchronizedBuildFileExceptionSet section */
		8621D3492C74BD79001E50A9 /* Exceptions for "AdaptiveInfoAssistant" folder in "AdaptiveInfoAssistant" target */ = {
			isa = PBXFileSystemSynchronizedBuildFileExceptionSet;
			membershipExceptions = (
				Info.plist,
			);
			target = 8621D32D2C74BD78001E50A9 /* AdaptiveInfoAssistant */;
		};
/* End PBXFileSystemSynchronizedBuildFileExceptionSet section */

/* Begin PBXFileSystemSynchronizedRootGroup section */
		8621D3302C74BD78001E50A9 /* AdaptiveInfoAssistant */ = {
			isa = PBXFileSystemSynchronizedRootGroup;
			exceptions = (
				8621D3492C74BD79001E50A9 /* Exceptions for "AdaptiveInfoAssistant" folder in "AdaptiveInfoAssistant" target */,
			);
			path = AdaptiveInfoAssistant;
			sourceTree = "<group>";
		};
		8621D3462C74BD79001E50A9 /* AdaptiveInfoAssistantTests */ = {
			isa = PBXFileSystemSynchronizedRootGroup;
			path = AdaptiveInfoAssistantTests;
			sourceTree = "<group>";
		};
/* End PBXFileSystemSynchronizedRootGroup section */

/* Begin PBXFrameworksBuildPhase section */
		8621D32B2C74BD78001E50A9 /* Frameworks */ = {
			isa = PBXFrameworksBuildPhase;
			buildActionMask = 2147483647;
			files = (
				8621D3342C74BD78001E50A9 /* RealityKitContent in Frameworks */,
			);
			runOnlyForDeploymentPostprocessing = 0;
		};
		8621D3402C74BD79001E50A9 /* Frameworks */ = {
			isa = PBXFrameworksBuildPhase;
			buildActionMask = 2147483647;
			files = (
			);
			runOnlyForDeploymentPostprocessing = 0;
		};
/* End PBXFrameworksBuildPhase section */

/* Begin PBXGroup section */
		8621D3252C74BD78001E50A9 = {
			isa = PBXGroup;
			children = (
				8621D3302C74BD78001E50A9 /* AdaptiveInfoAssistant */,
				8621D3312C74BD78001E50A9 /* Packages */,
				8621D3462C74BD79001E50A9 /* AdaptiveInfoAssistantTests */,
				8621D32F2C74BD78001E50A9 /* Products */,
			);
			sourceTree = "<group>";
		};
		8621D32F2C74BD78001E50A9 /* Products */ = {
			isa = PBXGroup;
			children = (
				8621D32E2C74BD78001E50A9 /* AdaptiveInfoAssistant.app */,
				8621D3432C74BD79001E50A9 /* AdaptiveInfoAssistantTests.xctest */,
			);
			name = Products;
			sourceTree = "<group>";
		};
		8621D3312C74BD78001E50A9 /* Packages */ = {
			isa = PBXGroup;
			children = (
				8621D3322C74BD78001E50A9 /* RealityKitContent */,
			);
			path = Packages;
			sourceTree = "<group>";
		};
/* End PBXGroup section */

/* Begin PBXNativeTarget section */
		8621D32D2C74BD78001E50A9 /* AdaptiveInfoAssistant */ = {
			isa = PBXNativeTarget;
			buildConfigurationList = 8621D34A2C74BD79001E50A9 /* Build configuration list for PBXNativeTarget "AdaptiveInfoAssistant" */;
			buildPhases = (
				8621D32A2C74BD78001E50A9 /* Sources */,
				8621D32B2C74BD78001E50A9 /* Frameworks */,
				8621D32C2C74BD78001E50A9 /* Resources */,
			);
			buildRules = (
			);
			dependencies = (
			);
			fileSystemSynchronizedGroups = (
				8621D3302C74BD78001E50A9 /* AdaptiveInfoAssistant */,
			);
			name = AdaptiveInfoAssistant;
			packageProductDependencies = (
				8621D3332C74BD78001E50A9 /* RealityKitContent */,
			);
			productName = AdaptiveInfoAssistant;
			productReference = 8621D32E2C74BD78001E50A9 /* AdaptiveInfoAssistant.app */;
			productType = "com.apple.product-type.application";
		};
		8621D3422C74BD79001E50A9 /* AdaptiveInfoAssistantTests */ = {
			isa = PBXNativeTarget;
			buildConfigurationList = 8621D34F2C74BD79001E50A9 /* Build configuration list for PBXNativeTarget "AdaptiveInfoAssistantTests" */;
			buildPhases = (
				8621D33F2C74BD79001E50A9 /* Sources */,
				8621D3402C74BD79001E50A9 /* Frameworks */,
				8621D3412C74BD79001E50A9 /* Resources */,
			);
			buildRules = (
			);
			dependencies = (
				8621D3452C74BD79001E50A9 /* PBXTargetDependency */,
			);
			fileSystemSynchronizedGroups = (
				8621D3462C74BD79001E50A9 /* AdaptiveInfoAssistantTests */,
			);
			name = AdaptiveInfoAssistantTests;
			packageProductDependencies = (
			);
			productName = AdaptiveInfoAssistantTests;
			productReference = 8621D3432C74BD79001E50A9 /* AdaptiveInfoAssistantTests.xctest */;
			productType = "com.apple.product-type.bundle.unit-test";
		};
/* End PBXNativeTarget section */

/* Begin PBXProject section */
		8621D3262C74BD78001E50A9 /* Project object */ = {
			isa = PBXProject;
			attributes = {
				BuildIndependentTargetsInParallel = 1;
				LastSwiftUpdateCheck = 1610;
				LastUpgradeCheck = 1610;
				TargetAttributes = {
					8621D32D2C74BD78001E50A9 = {
						CreatedOnToolsVersion = 16.1;
					};
					8621D3422C74BD79001E50A9 = {
						CreatedOnToolsVersion = 16.1;
						TestTargetID = 8621D32D2C74BD78001E50A9;
					};
				};
			};
			buildConfigurationList = 8621D3292C74BD78001E50A9 /* Build configuration list for PBXProject "AdaptiveInfoAssistant" */;
			developmentRegion = en;
			hasScannedForEncodings = 0;
			knownRegions = (
				en,
				Base,
			);
			mainGroup = 8621D3252C74BD78001E50A9;
			minimizedProjectReferenceProxies = 1;
			preferredProjectObjectVersion = 77;
			productRefGroup = 8621D32F2C74BD78001E50A9 /* Products */;
			projectDirPath = "";
			projectRoot = "";
			targets = (
				8621D32D2C74BD78001E50A9 /* AdaptiveInfoAssistant */,
				8621D3422C74BD79001E50A9 /* AdaptiveInfoAssistantTests */,
			);
		};
/* End PBXProject section */

/* Begin PBXResourcesBuildPhase section */
		8621D32C2C74BD78001E50A9 /* Resources */ = {
			isa = PBXResourcesBuildPhase;
			buildActionMask = 2147483647;
			files = (
			);
			runOnlyForDeploymentPostprocessing = 0;
		};
		8621D3412C74BD79001E50A9 /* Resources */ = {
			isa = PBXResourcesBuildPhase;
			buildActionMask = 2147483647;
			files = (
			);
			runOnlyForDeploymentPostprocessing = 0;
		};
/* End PBXResourcesBuildPhase section */

/* Begin PBXSourcesBuildPhase section */
		8621D32A2C74BD78001E50A9 /* Sources */ = {
			isa = PBXSourcesBuildPhase;
			buildActionMask = 2147483647;
			files = (
			);
			runOnlyForDeploymentPostprocessing = 0;
		};
		8621D33F2C74BD79001E50A9 /* Sources */ = {
			isa = PBXSourcesBuildPhase;
			buildActionMask = 2147483647;
			files = (
			);
			runOnlyForDeploymentPostprocessing = 0;
		};
/* End PBXSourcesBuildPhase section */

/* Begin PBXTargetDependency section */
		8621D3452C74BD79001E50A9 /* PBXTargetDependency */ = {
			isa = PBXTargetDependency;
			target = 8621D32D2C74BD78001E50A9 /* AdaptiveInfoAssistant */;
			targetProxy = 8621D3442C74BD79001E50A9 /* PBXContainerItemProxy */;
		};
/* End PBXTargetDependency section */

/* Begin XCBuildConfiguration section */
		8621D34B2C74BD79001E50A9 /* Debug */ = {
			isa = XCBuildConfiguration;
			buildSettings = {
				ASSETCATALOG_COMPILER_APPICON_NAME = AppIcon;
				ASSETCATALOG_COMPILER_GLOBAL_ACCENT_COLOR_NAME = AccentColor;
				CODE_SIGN_STYLE = Automatic;
				CURRENT_PROJECT_VERSION = 1;
				DEVELOPMENT_ASSET_PATHS = "\"AdaptiveInfoAssistant/Preview Content\"";
				DEVELOPMENT_TEAM = 3H55CV6HDD;
				ENABLE_PREVIEWS = YES;
				GENERATE_INFOPLIST_FILE = YES;
				INFOPLIST_FILE = "$(TARGET_NAME)/Info.plist";
				LD_RUNPATH_SEARCH_PATHS = (
					"$(inherited)",
					"@executable_path/Frameworks",
				);
				MARKETING_VERSION = 1.0;
				PRODUCT_BUNDLE_IDENTIFIER = JerrrrryW.AdaptiveInfoAssistant;
				PRODUCT_NAME = "$(TARGET_NAME)";
				SUPPORTED_PLATFORMS = "xros xrsimulator";
				SWIFT_EMIT_LOC_STRINGS = YES;
				SWIFT_VERSION = 5.0;
				TARGETED_DEVICE_FAMILY = 7;
			};
			name = Debug;
		};
		8621D34C2C74BD79001E50A9 /* Release */ = {
			isa = XCBuildConfiguration;
			buildSettings = {
				ASSETCATALOG_COMPILER_APPICON_NAME = AppIcon;
				ASSETCATALOG_COMPILER_GLOBAL_ACCENT_COLOR_NAME = AccentColor;
				CODE_SIGN_STYLE = Automatic;
				CURRENT_PROJECT_VERSION = 1;
				DEVELOPMENT_ASSET_PATHS = "\"AdaptiveInfoAssistant/Preview Content\"";
				DEVELOPMENT_TEAM = 3H55CV6HDD;
				ENABLE_PREVIEWS = YES;
				GENERATE_INFOPLIST_FILE = YES;
				INFOPLIST_FILE = "$(TARGET_NAME)/Info.plist";
				LD_RUNPATH_SEARCH_PATHS = (
					"$(inherited)",
					"@executable_path/Frameworks",
				);
				MARKETING_VERSION = 1.0;
				PRODUCT_BUNDLE_IDENTIFIER = JerrrrryW.AdaptiveInfoAssistant;
				PRODUCT_NAME = "$(TARGET_NAME)";
				SUPPORTED_PLATFORMS = "xros xrsimulator";
				SWIFT_EMIT_LOC_STRINGS = YES;
				SWIFT_VERSION = 5.0;
				TARGETED_DEVICE_FAMILY = 7;
			};
			name = Release;
		};
		8621D34D2C74BD79001E50A9 /* Debug */ = {
			isa = XCBuildConfiguration;
			buildSettings = {
				ALWAYS_SEARCH_USER_PATHS = NO;
				ASSETCATALOG_COMPILER_GENERATE_SWIFT_ASSET_SYMBOL_EXTENSIONS = YES;
				CLANG_ANALYZER_NONNULL = YES;
				CLANG_ANALYZER_NUMBER_OBJECT_CONVERSION = YES_AGGRESSIVE;
				CLANG_CXX_LANGUAGE_STANDARD = "gnu++20";
				CLANG_ENABLE_MODULES = YES;
				CLANG_ENABLE_OBJC_ARC = YES;
				CLANG_ENABLE_OBJC_WEAK = YES;
				CLANG_WARN_BLOCK_CAPTURE_AUTORELEASING = YES;
				CLANG_WARN_BOOL_CONVERSION = YES;
				CLANG_WARN_COMMA = YES;
				CLANG_WARN_CONSTANT_CONVERSION = YES;
				CLANG_WARN_DEPRECATED_OBJC_IMPLEMENTATIONS = YES;
				CLANG_WARN_DIRECT_OBJC_ISA_USAGE = YES_ERROR;
				CLANG_WARN_DOCUMENTATION_COMMENTS = YES;
				CLANG_WARN_EMPTY_BODY = YES;
				CLANG_WARN_ENUM_CONVERSION = YES;
				CLANG_WARN_INFINITE_RECURSION = YES;
				CLANG_WARN_INT_CONVERSION = YES;
				CLANG_WARN_NON_LITERAL_NULL_CONVERSION = YES;
				CLANG_WARN_OBJC_IMPLICIT_RETAIN_SELF = YES;
				CLANG_WARN_OBJC_LITERAL_CONVERSION = YES;
				CLANG_WARN_OBJC_ROOT_CLASS = YES_ERROR;
				CLANG_WARN_QUOTED_INCLUDE_IN_FRAMEWORK_HEADER = YES;
				CLANG_WARN_RANGE_LOOP_ANALYSIS = YES;
				CLANG_WARN_STRICT_PROTOTYPES = YES;
				CLANG_WARN_SUSPICIOUS_MOVE = YES;
				CLANG_WARN_UNGUARDED_AVAILABILITY = YES_AGGRESSIVE;
				CLANG_WARN_UNREACHABLE_CODE = YES;
				CLANG_WARN__DUPLICATE_METHOD_MATCH = YES;
				COPY_PHASE_STRIP = NO;
				DEBUG_INFORMATION_FORMAT = dwarf;
				ENABLE_STRICT_OBJC_MSGSEND = YES;
				ENABLE_TESTABILITY = YES;
				ENABLE_USER_SCRIPT_SANDBOXING = YES;
				GCC_C_LANGUAGE_STANDARD = gnu17;
				GCC_DYNAMIC_NO_PIC = NO;
				GCC_NO_COMMON_BLOCKS = YES;
				GCC_OPTIMIZATION_LEVEL = 0;
				GCC_PREPROCESSOR_DEFINITIONS = (
					"DEBUG=1",
					"$(inherited)",
				);
				GCC_WARN_64_TO_32_BIT_CONVERSION = YES;
				GCC_WARN_ABOUT_RETURN_TYPE = YES_ERROR;
				GCC_WARN_UNDECLARED_SELECTOR = YES;
				GCC_WARN_UNINITIALIZED_AUTOS = YES_AGGRESSIVE;
				GCC_WARN_UNUSED_FUNCTION = YES;
				GCC_WARN_UNUSED_VARIABLE = YES;
				LOCALIZATION_PREFERS_STRING_CATALOGS = YES;
				MTL_ENABLE_DEBUG_INFO = INCLUDE_SOURCE;
				MTL_FAST_MATH = YES;
				ONLY_ACTIVE_ARCH = YES;
				SDKROOT = xros;
				SWIFT_ACTIVE_COMPILATION_CONDITIONS = "DEBUG $(inherited)";
				SWIFT_OPTIMIZATION_LEVEL = "-Onone";
				XROS_DEPLOYMENT_TARGET = 2.0;
			};
			name = Debug;
		};
		8621D34E2C74BD79001E50A9 /* Release */ = {
			isa = XCBuildConfiguration;
			buildSettings = {
				ALWAYS_SEARCH_USER_PATHS = NO;
				ASSETCATALOG_COMPILER_GENERATE_SWIFT_ASSET_SYMBOL_EXTENSIONS = YES;
				CLANG_ANALYZER_NONNULL = YES;
				CLANG_ANALYZER_NUMBER_OBJECT_CONVERSION = YES_AGGRESSIVE;
				CLANG_CXX_LANGUAGE_STANDARD = "gnu++20";
				CLANG_ENABLE_MODULES = YES;
				CLANG_ENABLE_OBJC_ARC = YES;
				CLANG_ENABLE_OBJC_WEAK = YES;
				CLANG_WARN_BLOCK_CAPTURE_AUTORELEASING = YES;
				CLANG_WARN_BOOL_CONVERSION = YES;
				CLANG_WARN_COMMA = YES;
				CLANG_WARN_CONSTANT_CONVERSION = YES;
				CLANG_WARN_DEPRECATED_OBJC_IMPLEMENTATIONS = YES;
				CLANG_WARN_DIRECT_OBJC_ISA_USAGE = YES_ERROR;
				CLANG_WARN_DOCUMENTATION_COMMENTS = YES;
				CLANG_WARN_EMPTY_BODY = YES;
				CLANG_WARN_ENUM_CONVERSION = YES;
				CLANG_WARN_INFINITE_RECURSION = YES;
				CLANG_WARN_INT_CONVERSION = YES;
				CLANG_WARN_NON_LITERAL_NULL_CONVERSION = YES;
				CLANG_WARN_OBJC_IMPLICIT_RETAIN_SELF = YES;
				CLANG_WARN_OBJC_LITERAL_CONVERSION = YES;
				CLANG_WARN_OBJC_ROOT_CLASS = YES_ERROR;
				CLANG_WARN_QUOTED_INCLUDE_IN_FRAMEWORK_HEADER = YES;
				CLANG_WARN_RANGE_LOOP_ANALYSIS = YES;
				CLANG_WARN_STRICT_PROTOTYPES = YES;
				CLANG_WARN_SUSPICIOUS_MOVE = YES;
				CLANG_WARN_UNGUARDED_AVAILABILITY = YES_AGGRESSIVE;
				CLANG_WARN_UNREACHABLE_CODE = YES;
				CLANG_WARN__DUPLICATE_METHOD_MATCH = YES;
				COPY_PHASE_STRIP = NO;
				DEBUG_INFORMATION_FORMAT = "dwarf-with-dsym";
				ENABLE_NS_ASSERTIONS = NO;
				ENABLE_STRICT_OBJC_MSGSEND = YES;
				ENABLE_USER_SCRIPT_SANDBOXING = YES;
				GCC_C_LANGUAGE_STANDARD = gnu17;
				GCC_NO_COMMON_BLOCKS = YES;
				GCC_WARN_64_TO_32_BIT_CONVERSION = YES;
				GCC_WARN_ABOUT_RETURN_TYPE = YES_ERROR;
				GCC_WARN_UNDECLARED_SELECTOR = YES;
				GCC_WARN_UNINITIALIZED_AUTOS = YES_AGGRESSIVE;
				GCC_WARN_UNUSED_FUNCTION = YES;
				GCC_WARN_UNUSED_VARIABLE = YES;
				LOCALIZATION_PREFERS_STRING_CATALOGS = YES;
				MTL_ENABLE_DEBUG_INFO = NO;
				MTL_FAST_MATH = YES;
				SDKROOT = xros;
				SWIFT_COMPILATION_MODE = wholemodule;
				VALIDATE_PRODUCT = YES;
				XROS_DEPLOYMENT_TARGET = 2.0;
			};
			name = Release;
		};
		8621D3502C74BD79001E50A9 /* Debug */ = {
			isa = XCBuildConfiguration;
			buildSettings = {
				BUNDLE_LOADER = "$(TEST_HOST)";
				CODE_SIGN_STYLE = Automatic;
				CURRENT_PROJECT_VERSION = 1;
				DEVELOPMENT_TEAM = 3H55CV6HDD;
				GENERATE_INFOPLIST_FILE = YES;
				MARKETING_VERSION = 1.0;
				PRODUCT_BUNDLE_IDENTIFIER = JerrrrryW.AdaptiveInfoAssistantTests;
				PRODUCT_NAME = "$(TARGET_NAME)";
				SUPPORTED_PLATFORMS = "xros xrsimulator";
				SWIFT_EMIT_LOC_STRINGS = NO;
				SWIFT_VERSION = 5.0;
				TARGETED_DEVICE_FAMILY = 7;
				TEST_HOST = "$(BUILT_PRODUCTS_DIR)/AdaptiveInfoAssistant.app/$(BUNDLE_EXECUTABLE_FOLDER_PATH)/AdaptiveInfoAssistant";
				XROS_DEPLOYMENT_TARGET = 2.0;
			};
			name = Debug;
		};
		8621D3512C74BD79001E50A9 /* Release */ = {
			isa = XCBuildConfiguration;
			buildSettings = {
				BUNDLE_LOADER = "$(TEST_HOST)";
				CODE_SIGN_STYLE = Automatic;
				CURRENT_PROJECT_VERSION = 1;
				DEVELOPMENT_TEAM = 3H55CV6HDD;
				GENERATE_INFOPLIST_FILE = YES;
				MARKETING_VERSION = 1.0;
				PRODUCT_BUNDLE_IDENTIFIER = JerrrrryW.AdaptiveInfoAssistantTests;
				PRODUCT_NAME = "$(TARGET_NAME)";
				SUPPORTED_PLATFORMS = "xros xrsimulator";
				SWIFT_EMIT_LOC_STRINGS = NO;
				SWIFT_VERSION = 5.0;
				TARGETED_DEVICE_FAMILY = 7;
				TEST_HOST = "$(BUILT_PRODUCTS_DIR)/AdaptiveInfoAssistant.app/$(BUNDLE_EXECUTABLE_FOLDER_PATH)/AdaptiveInfoAssistant";
				XROS_DEPLOYMENT_TARGET = 2.0;
			};
			name = Release;
		};
/* End XCBuildConfiguration section */

/* Begin XCConfigurationList section */
		8621D3292C74BD78001E50A9 /* Build configuration list for PBXProject "AdaptiveInfoAssistant" */ = {
			isa = XCConfigurationList;
			buildConfigurations = (
				8621D34D2C74BD79001E50A9 /* Debug */,
				8621D34E2C74BD79001E50A9 /* Release */,
			);
			defaultConfigurationIsVisible = 0;
			defaultConfigurationName = Release;
		};
		8621D34A2C74BD79001E50A9 /* Build configuration list for PBXNativeTarget "AdaptiveInfoAssistant" */ = {
			isa = XCConfigurationList;
			buildConfigurations = (
				8621D34B2C74BD79001E50A9 /* Debug */,
				8621D34C2C74BD79001E50A9 /* Release */,
			);
			defaultConfigurationIsVisible = 0;
			defaultConfigurationName = Release;
		};
		8621D34F2C74BD79001E50A9 /* Build configuration list for PBXNativeTarget "AdaptiveInfoAssistantTests" */ = {
			isa = XCConfigurationList;
			buildConfigurations = (
				8621D3502C74BD79001E50A9 /* Debug */,
				8621D3512C74BD79001E50A9 /* Release */,
			);
			defaultConfigurationIsVisible = 0;
			defaultConfigurationName = Release;
		};
/* End XCConfigurationList section */

/* Begin XCSwiftPackageProductDependency section */
		8621D3332C74BD78001E50A9 /* RealityKitContent */ = {
			isa = XCSwiftPackageProductDependency;
			productName = RealityKitContent;
		};
/* End XCSwiftPackageProductDependency section */
	};
	rootObject = 8621D3262C74BD78001E50A9 /* Project object */;
}
